// !$*UTF8*$!
{
	archiveVersion = 1;
	classes = {
	};
	objectVersion = 56;
	objects = {

/* Begin PBXBuildFile section */
		B860149729AE3E6B00C27112 /* Peer.swift in Sources */ = {isa = PBXBuildFile; fileRef = B860149629AE3E6B00C27112 /* Peer.swift */; };
		B860149929AE3F5C00C27112 /* MPCSessionManager.swift in Sources */ = {isa = PBXBuildFile; fileRef = B860149829AE3F5C00C27112 /* MPCSessionManager.swift */; };
		B860149D29AE549C00C27112 /* PeerSessionManager.swift in Sources */ = {isa = PBXBuildFile; fileRef = B860149C29AE549C00C27112 /* PeerSessionManager.swift */; };
		B86014A129AE5E3400C27112 /* HomeViewModel.swift in Sources */ = {isa = PBXBuildFile; fileRef = B86014A029AE5E3400C27112 /* HomeViewModel.swift */; };
		B86014A429B19B3000C27112 /* Configuration.swift in Sources */ = {isa = PBXBuildFile; fileRef = B86014A329B19B3000C27112 /* Configuration.swift */; };
		B86014A629B1A72700C27112 /* BaseViewModel.swift in Sources */ = {isa = PBXBuildFile; fileRef = B86014A529B1A72700C27112 /* BaseViewModel.swift */; };
		B86014A829B1BE3100C27112 /* RoundedButton.swift in Sources */ = {isa = PBXBuildFile; fileRef = B86014A729B1BE3100C27112 /* RoundedButton.swift */; };
		B86014AA29B1BE6D00C27112 /* MessagePopupView.swift in Sources */ = {isa = PBXBuildFile; fileRef = B86014A929B1BE6D00C27112 /* MessagePopupView.swift */; };
		B86014AC29B1D03B00C27112 /* Float+ext.swift in Sources */ = {isa = PBXBuildFile; fileRef = B86014AB29B1D03B00C27112 /* Float+ext.swift */; };
		B8E7E25429AC8AD90046D98E /* EmotiltApp.swift in Sources */ = {isa = PBXBuildFile; fileRef = B8E7E25329AC8AD90046D98E /* EmotiltApp.swift */; };
		B8E7E25629AC8AD90046D98E /* HomeScene.swift in Sources */ = {isa = PBXBuildFile; fileRef = B8E7E25529AC8AD90046D98E /* HomeScene.swift */; };
		B8E7E25829AC8ADA0046D98E /* Assets.xcassets in Resources */ = {isa = PBXBuildFile; fileRef = B8E7E25729AC8ADA0046D98E /* Assets.xcassets */; };
		B8E7E25B29AC8ADA0046D98E /* Preview Assets.xcassets in Resources */ = {isa = PBXBuildFile; fileRef = B8E7E25A29AC8ADA0046D98E /* Preview Assets.xcassets */; };
		B8E7E26729AC8C690046D98E /* Message.swift in Sources */ = {isa = PBXBuildFile; fileRef = B8E7E26629AC8C690046D98E /* Message.swift */; };
		B8F22B9729B7473E00FAE9F9 /* EmojiSheet.swift in Sources */ = {isa = PBXBuildFile; fileRef = B8F22B9629B7473E00FAE9F9 /* EmojiSheet.swift */; };
/* End PBXBuildFile section */

/* Begin PBXFileReference section */
		B860149629AE3E6B00C27112 /* Peer.swift */ = {isa = PBXFileReference; lastKnownFileType = sourcecode.swift; path = Peer.swift; sourceTree = "<group>"; };
		B860149829AE3F5C00C27112 /* MPCSessionManager.swift */ = {isa = PBXFileReference; lastKnownFileType = sourcecode.swift; path = MPCSessionManager.swift; sourceTree = "<group>"; };
		B860149C29AE549C00C27112 /* PeerSessionManager.swift */ = {isa = PBXFileReference; lastKnownFileType = sourcecode.swift; path = PeerSessionManager.swift; sourceTree = "<group>"; };
		B86014A029AE5E3400C27112 /* HomeViewModel.swift */ = {isa = PBXFileReference; lastKnownFileType = sourcecode.swift; path = HomeViewModel.swift; sourceTree = "<group>"; };
		B86014A329B19B3000C27112 /* Configuration.swift */ = {isa = PBXFileReference; lastKnownFileType = sourcecode.swift; path = Configuration.swift; sourceTree = "<group>"; };
		B86014A529B1A72700C27112 /* BaseViewModel.swift */ = {isa = PBXFileReference; lastKnownFileType = sourcecode.swift; path = BaseViewModel.swift; sourceTree = "<group>"; };
		B86014A729B1BE3100C27112 /* RoundedButton.swift */ = {isa = PBXFileReference; lastKnownFileType = sourcecode.swift; path = RoundedButton.swift; sourceTree = "<group>"; };
		B86014A929B1BE6D00C27112 /* MessagePopupView.swift */ = {isa = PBXFileReference; lastKnownFileType = sourcecode.swift; path = MessagePopupView.swift; sourceTree = "<group>"; };
		B86014AB29B1D03B00C27112 /* Float+ext.swift */ = {isa = PBXFileReference; lastKnownFileType = sourcecode.swift; path = "Float+ext.swift"; sourceTree = "<group>"; };
		B8E7E25029AC8AD90046D98E /* Emotilt.app */ = {isa = PBXFileReference; explicitFileType = wrapper.application; includeInIndex = 0; path = Emotilt.app; sourceTree = BUILT_PRODUCTS_DIR; };
		B8E7E25329AC8AD90046D98E /* EmotiltApp.swift */ = {isa = PBXFileReference; lastKnownFileType = sourcecode.swift; path = EmotiltApp.swift; sourceTree = "<group>"; };
		B8E7E25529AC8AD90046D98E /* HomeScene.swift */ = {isa = PBXFileReference; lastKnownFileType = sourcecode.swift; path = HomeScene.swift; sourceTree = "<group>"; };
		B8E7E25729AC8ADA0046D98E /* Assets.xcassets */ = {isa = PBXFileReference; lastKnownFileType = folder.assetcatalog; path = Assets.xcassets; sourceTree = "<group>"; };
		B8E7E25A29AC8ADA0046D98E /* Preview Assets.xcassets */ = {isa = PBXFileReference; lastKnownFileType = folder.assetcatalog; path = "Preview Assets.xcassets"; sourceTree = "<group>"; };
		B8E7E26129AC8BAD0046D98E /* Info.plist */ = {isa = PBXFileReference; lastKnownFileType = text.plist; path = Info.plist; sourceTree = "<group>"; };
		B8E7E26629AC8C690046D98E /* Message.swift */ = {isa = PBXFileReference; lastKnownFileType = sourcecode.swift; path = Message.swift; sourceTree = "<group>"; };
		B8F22B9529B7117B00FAE9F9 /* Config.xcconfig */ = {isa = PBXFileReference; lastKnownFileType = text.xcconfig; path = Config.xcconfig; sourceTree = "<group>"; };
		B8F22B9629B7473E00FAE9F9 /* EmojiSheet.swift */ = {isa = PBXFileReference; lastKnownFileType = sourcecode.swift; path = EmojiSheet.swift; sourceTree = "<group>"; };
/* End PBXFileReference section */

/* Begin PBXFrameworksBuildPhase section */
		B8E7E24D29AC8AD90046D98E /* Frameworks */ = {
			isa = PBXFrameworksBuildPhase;
			buildActionMask = 2147483647;
			files = (
			);
			runOnlyForDeploymentPostprocessing = 0;
		};
/* End PBXFrameworksBuildPhase section */

/* Begin PBXGroup section */
		B860149529AE3E4A00C27112 /* Network */ = {
			isa = PBXGroup;
			children = (
				B86014A329B19B3000C27112 /* Configuration.swift */,
				B860149C29AE549C00C27112 /* PeerSessionManager.swift */,
				B860149829AE3F5C00C27112 /* MPCSessionManager.swift */,
			);
			path = Network;
			sourceTree = "<group>";
		};
		B8E7E24729AC8AD90046D98E = {
			isa = PBXGroup;
			children = (
				B8E7E25229AC8AD90046D98E /* Emotilt */,
				B8E7E25129AC8AD90046D98E /* Products */,
			);
			sourceTree = "<group>";
		};
		B8E7E25129AC8AD90046D98E /* Products */ = {
			isa = PBXGroup;
			children = (
				B8E7E25029AC8AD90046D98E /* Emotilt.app */,
			);
			name = Products;
			sourceTree = "<group>";
		};
		B8E7E25229AC8AD90046D98E /* Emotilt */ = {
			isa = PBXGroup;
			children = (
				B8E7E26129AC8BAD0046D98E /* Info.plist */,
				B8F22B9529B7117B00FAE9F9 /* Config.xcconfig */,
				B8E7E25329AC8AD90046D98E /* EmotiltApp.swift */,
				B8E7E26529AC8C4A0046D98E /* Extensions */,
				B8E7E26229AC8C360046D98E /* Views */,
				B8E7E26429AC8C400046D98E /* ViewModels */,
				B860149529AE3E4A00C27112 /* Network */,
				B8E7E26329AC8C3B0046D98E /* Models */,
				B8E7E25729AC8ADA0046D98E /* Assets.xcassets */,
				B8E7E25929AC8ADA0046D98E /* Preview Content */,
			);
			path = Emotilt;
			sourceTree = "<group>";
		};
		B8E7E25929AC8ADA0046D98E /* Preview Content */ = {
			isa = PBXGroup;
			children = (
				B8E7E25A29AC8ADA0046D98E /* Preview Assets.xcassets */,
			);
			path = "Preview Content";
			sourceTree = "<group>";
		};
		B8E7E26229AC8C360046D98E /* Views */ = {
			isa = PBXGroup;
			children = (
				B8E7E25529AC8AD90046D98E /* HomeScene.swift */,
				B86014A729B1BE3100C27112 /* RoundedButton.swift */,
				B86014A929B1BE6D00C27112 /* MessagePopupView.swift */,
				B8F22B9629B7473E00FAE9F9 /* EmojiSheet.swift */,
			);
			path = Views;
			sourceTree = "<group>";
		};
		B8E7E26329AC8C3B0046D98E /* Models */ = {
			isa = PBXGroup;
			children = (
				B8E7E26629AC8C690046D98E /* Message.swift */,
				B860149629AE3E6B00C27112 /* Peer.swift */,
			);
			path = Models;
			sourceTree = "<group>";
		};
		B8E7E26429AC8C400046D98E /* ViewModels */ = {
			isa = PBXGroup;
			children = (
				B86014A529B1A72700C27112 /* BaseViewModel.swift */,
				B86014A029AE5E3400C27112 /* HomeViewModel.swift */,
			);
			path = ViewModels;
			sourceTree = "<group>";
		};
		B8E7E26529AC8C4A0046D98E /* Extensions */ = {
			isa = PBXGroup;
			children = (
				B86014AB29B1D03B00C27112 /* Float+ext.swift */,
			);
			path = Extensions;
			sourceTree = "<group>";
		};
/* End PBXGroup section */

/* Begin PBXNativeTarget section */
		B8E7E24F29AC8AD90046D98E /* Emotilt */ = {
			isa = PBXNativeTarget;
			buildConfigurationList = B8E7E25E29AC8ADA0046D98E /* Build configuration list for PBXNativeTarget "Emotilt" */;
			buildPhases = (
				B8E7E24C29AC8AD90046D98E /* Sources */,
				B8E7E24D29AC8AD90046D98E /* Frameworks */,
				B8E7E24E29AC8AD90046D98E /* Resources */,
			);
			buildRules = (
			);
			dependencies = (
			);
			name = Emotilt;
			productName = Emotilt;
			productReference = B8E7E25029AC8AD90046D98E /* Emotilt.app */;
			productType = "com.apple.product-type.application";
		};
/* End PBXNativeTarget section */

/* Begin PBXProject section */
		B8E7E24829AC8AD90046D98E /* Project object */ = {
			isa = PBXProject;
			attributes = {
				BuildIndependentTargetsInParallel = 1;
				LastSwiftUpdateCheck = 1420;
				LastUpgradeCheck = 1420;
				TargetAttributes = {
					B8E7E24F29AC8AD90046D98E = {
						CreatedOnToolsVersion = 14.2;
					};
				};
			};
			buildConfigurationList = B8E7E24B29AC8AD90046D98E /* Build configuration list for PBXProject "Emotilt" */;
			compatibilityVersion = "Xcode 14.0";
			developmentRegion = en;
			hasScannedForEncodings = 0;
			knownRegions = (
				en,
				Base,
			);
			mainGroup = B8E7E24729AC8AD90046D98E;
			productRefGroup = B8E7E25129AC8AD90046D98E /* Products */;
			projectDirPath = "";
			projectRoot = "";
			targets = (
				B8E7E24F29AC8AD90046D98E /* Emotilt */,
			);
		};
/* End PBXProject section */

/* Begin PBXResourcesBuildPhase section */
		B8E7E24E29AC8AD90046D98E /* Resources */ = {
			isa = PBXResourcesBuildPhase;
			buildActionMask = 2147483647;
			files = (
				B8E7E25B29AC8ADA0046D98E /* Preview Assets.xcassets in Resources */,
				B8E7E25829AC8ADA0046D98E /* Assets.xcassets in Resources */,
			);
			runOnlyForDeploymentPostprocessing = 0;
		};
/* End PBXResourcesBuildPhase section */

/* Begin PBXSourcesBuildPhase section */
		B8E7E24C29AC8AD90046D98E /* Sources */ = {
			isa = PBXSourcesBuildPhase;
			buildActionMask = 2147483647;
			files = (
				B8F22B9729B7473E00FAE9F9 /* EmojiSheet.swift in Sources */,
				B86014AC29B1D03B00C27112 /* Float+ext.swift in Sources */,
				B8E7E26729AC8C690046D98E /* Message.swift in Sources */,
				B86014A829B1BE3100C27112 /* RoundedButton.swift in Sources */,
				B860149729AE3E6B00C27112 /* Peer.swift in Sources */,
				B860149929AE3F5C00C27112 /* MPCSessionManager.swift in Sources */,
				B86014A129AE5E3400C27112 /* HomeViewModel.swift in Sources */,
				B86014AA29B1BE6D00C27112 /* MessagePopupView.swift in Sources */,
				B8E7E25629AC8AD90046D98E /* HomeScene.swift in Sources */,
				B86014A629B1A72700C27112 /* BaseViewModel.swift in Sources */,
				B860149D29AE549C00C27112 /* PeerSessionManager.swift in Sources */,
				B86014A429B19B3000C27112 /* Configuration.swift in Sources */,
				B8E7E25429AC8AD90046D98E /* EmotiltApp.swift in Sources */,
			);
			runOnlyForDeploymentPostprocessing = 0;
		};
/* End PBXSourcesBuildPhase section */

/* Begin XCBuildConfiguration section */
		B8E7E25C29AC8ADA0046D98E /* Debug */ = {
			isa = XCBuildConfiguration;
			baseConfigurationReference = B8F22B9529B7117B00FAE9F9 /* Config.xcconfig */;
			buildSettings = {
				ALWAYS_SEARCH_USER_PATHS = NO;
				CLANG_ANALYZER_NONNULL = YES;
				CLANG_ANALYZER_NUMBER_OBJECT_CONVERSION = YES_AGGRESSIVE;
				CLANG_CXX_LANGUAGE_STANDARD = "gnu++20";
				CLANG_ENABLE_MODULES = YES;
				CLANG_ENABLE_OBJC_ARC = YES;
				CLANG_ENABLE_OBJC_WEAK = YES;
				CLANG_WARN_BLOCK_CAPTURE_AUTORELEASING = YES;
				CLANG_WARN_BOOL_CONVERSION = YES;
				CLANG_WARN_COMMA = YES;
				CLANG_WARN_CONSTANT_CONVERSION = YES;
				CLANG_WARN_DEPRECATED_OBJC_IMPLEMENTATIONS = YES;
				CLANG_WARN_DIRECT_OBJC_ISA_USAGE = YES_ERROR;
				CLANG_WARN_DOCUMENTATION_COMMENTS = YES;
				CLANG_WARN_EMPTY_BODY = YES;
				CLANG_WARN_ENUM_CONVERSION = YES;
				CLANG_WARN_INFINITE_RECURSION = YES;
				CLANG_WARN_INT_CONVERSION = YES;
				CLANG_WARN_NON_LITERAL_NULL_CONVERSION = YES;
				CLANG_WARN_OBJC_IMPLICIT_RETAIN_SELF = YES;
				CLANG_WARN_OBJC_LITERAL_CONVERSION = YES;
				CLANG_WARN_OBJC_ROOT_CLASS = YES_ERROR;
				CLANG_WARN_QUOTED_INCLUDE_IN_FRAMEWORK_HEADER = YES;
				CLANG_WARN_RANGE_LOOP_ANALYSIS = YES;
				CLANG_WARN_STRICT_PROTOTYPES = YES;
				CLANG_WARN_SUSPICIOUS_MOVE = YES;
				CLANG_WARN_UNGUARDED_AVAILABILITY = YES_AGGRESSIVE;
				CLANG_WARN_UNREACHABLE_CODE = YES;
				CLANG_WARN__DUPLICATE_METHOD_MATCH = YES;
				COPY_PHASE_STRIP = NO;
				DEBUG_INFORMATION_FORMAT = dwarf;
				ENABLE_STRICT_OBJC_MSGSEND = YES;
				ENABLE_TESTABILITY = YES;
				GCC_C_LANGUAGE_STANDARD = gnu11;
				GCC_DYNAMIC_NO_PIC = NO;
				GCC_NO_COMMON_BLOCKS = YES;
				GCC_OPTIMIZATION_LEVEL = 0;
				GCC_PREPROCESSOR_DEFINITIONS = (
					"DEBUG=1",
					"$(inherited)",
				);
				GCC_WARN_64_TO_32_BIT_CONVERSION = YES;
				GCC_WARN_ABOUT_RETURN_TYPE = YES_ERROR;
				GCC_WARN_UNDECLARED_SELECTOR = YES;
				GCC_WARN_UNINITIALIZED_AUTOS = YES_AGGRESSIVE;
				GCC_WARN_UNUSED_FUNCTION = YES;
				GCC_WARN_UNUSED_VARIABLE = YES;
				IPHONEOS_DEPLOYMENT_TARGET = 15.2;
				MTL_ENABLE_DEBUG_INFO = INCLUDE_SOURCE;
				MTL_FAST_MATH = YES;
				ONLY_ACTIVE_ARCH = YES;
				SDKROOT = iphoneos;
				SWIFT_ACTIVE_COMPILATION_CONDITIONS = DEBUG;
				SWIFT_OPTIMIZATION_LEVEL = "-Onone";
			};
			name = Debug;
		};
		B8E7E25D29AC8ADA0046D98E /* Release */ = {
			isa = XCBuildConfiguration;
			baseConfigurationReference = B8F22B9529B7117B00FAE9F9 /* Config.xcconfig */;
			buildSettings = {
				ALWAYS_SEARCH_USER_PATHS = NO;
				CLANG_ANALYZER_NONNULL = YES;
				CLANG_ANALYZER_NUMBER_OBJECT_CONVERSION = YES_AGGRESSIVE;
				CLANG_CXX_LANGUAGE_STANDARD = "gnu++20";
				CLANG_ENABLE_MODULES = YES;
				CLANG_ENABLE_OBJC_ARC = YES;
				CLANG_ENABLE_OBJC_WEAK = YES;
				CLANG_WARN_BLOCK_CAPTURE_AUTORELEASING = YES;
				CLANG_WARN_BOOL_CONVERSION = YES;
				CLANG_WARN_COMMA = YES;
				CLANG_WARN_CONSTANT_CONVERSION = YES;
				CLANG_WARN_DEPRECATED_OBJC_IMPLEMENTATIONS = YES;
				CLANG_WARN_DIRECT_OBJC_ISA_USAGE = YES_ERROR;
				CLANG_WARN_DOCUMENTATION_COMMENTS = YES;
				CLANG_WARN_EMPTY_BODY = YES;
				CLANG_WARN_ENUM_CONVERSION = YES;
				CLANG_WARN_INFINITE_RECURSION = YES;
				CLANG_WARN_INT_CONVERSION = YES;
				CLANG_WARN_NON_LITERAL_NULL_CONVERSION = YES;
				CLANG_WARN_OBJC_IMPLICIT_RETAIN_SELF = YES;
				CLANG_WARN_OBJC_LITERAL_CONVERSION = YES;
				CLANG_WARN_OBJC_ROOT_CLASS = YES_ERROR;
				CLANG_WARN_QUOTED_INCLUDE_IN_FRAMEWORK_HEADER = YES;
				CLANG_WARN_RANGE_LOOP_ANALYSIS = YES;
				CLANG_WARN_STRICT_PROTOTYPES = YES;
				CLANG_WARN_SUSPICIOUS_MOVE = YES;
				CLANG_WARN_UNGUARDED_AVAILABILITY = YES_AGGRESSIVE;
				CLANG_WARN_UNREACHABLE_CODE = YES;
				CLANG_WARN__DUPLICATE_METHOD_MATCH = YES;
				COPY_PHASE_STRIP = NO;
				DEBUG_INFORMATION_FORMAT = "dwarf-with-dsym";
				ENABLE_NS_ASSERTIONS = NO;
				ENABLE_STRICT_OBJC_MSGSEND = YES;
				GCC_C_LANGUAGE_STANDARD = gnu11;
				GCC_NO_COMMON_BLOCKS = YES;
				GCC_WARN_64_TO_32_BIT_CONVERSION = YES;
				GCC_WARN_ABOUT_RETURN_TYPE = YES_ERROR;
				GCC_WARN_UNDECLARED_SELECTOR = YES;
				GCC_WARN_UNINITIALIZED_AUTOS = YES_AGGRESSIVE;
				GCC_WARN_UNUSED_FUNCTION = YES;
				GCC_WARN_UNUSED_VARIABLE = YES;
				IPHONEOS_DEPLOYMENT_TARGET = 15.2;
				MTL_ENABLE_DEBUG_INFO = NO;
				MTL_FAST_MATH = YES;
				SDKROOT = iphoneos;
				SWIFT_COMPILATION_MODE = wholemodule;
				SWIFT_OPTIMIZATION_LEVEL = "-O";
				VALIDATE_PRODUCT = YES;
			};
			name = Release;
		};
		B8E7E25F29AC8ADA0046D98E /* Debug */ = {
			isa = XCBuildConfiguration;
			baseConfigurationReference = B8F22B9529B7117B00FAE9F9 /* Config.xcconfig */;
			buildSettings = {
				ASSETCATALOG_COMPILER_APPICON_NAME = AppIcon;
				ASSETCATALOG_COMPILER_GLOBAL_ACCENT_COLOR_NAME = AccentColor;
				CODE_SIGN_STYLE = Automatic;
				CURRENT_PROJECT_VERSION = 1;
				DEVELOPMENT_ASSET_PATHS = "\"Emotilt/Preview Content\"";
				DEVELOPMENT_TEAM = H3J2ZWWZQV;
				ENABLE_PREVIEWS = YES;
				GENERATE_INFOPLIST_FILE = YES;
				INFOPLIST_FILE = Emotilt/Info.plist;
				INFOPLIST_KEY_UIApplicationSupportsIndirectInputEvents = YES;
				INFOPLIST_KEY_UILaunchScreen_Generation = YES;
				INFOPLIST_KEY_UISupportedInterfaceOrientations = UIInterfaceOrientationPortrait;
				INFOPLIST_KEY_UISupportedInterfaceOrientations_iPad = "UIInterfaceOrientationLandscapeLeft UIInterfaceOrientationLandscapeRight UIInterfaceOrientationPortrait UIInterfaceOrientationPortraitUpsideDown";
				IPHONEOS_DEPLOYMENT_TARGET = 15.2;
				LD_RUNPATH_SEARCH_PATHS = (
					"$(inherited)",
					"@executable_path/Frameworks",
				);
				MARKETING_VERSION = 1.0;
				PRODUCT_BUNDLE_IDENTIFIER = com.peng.Emotilt;
				PRODUCT_NAME = "$(TARGET_NAME)";
				SUPPORTED_PLATFORMS = "iphoneos iphonesimulator";
				SUPPORTS_MACCATALYST = NO;
				SUPPORTS_MAC_DESIGNED_FOR_IPHONE_IPAD = NO;
				SWIFT_EMIT_LOC_STRINGS = YES;
				SWIFT_VERSION = 5.0;
				TARGETED_DEVICE_FAMILY = 1;
			};
			name = Debug;
		};
		B8E7E26029AC8ADA0046D98E /* Release */ = {
			isa = XCBuildConfiguration;
			baseConfigurationReference = B8F22B9529B7117B00FAE9F9 /* Config.xcconfig */;
			buildSettings = {
				ASSETCATALOG_COMPILER_APPICON_NAME = AppIcon;
				ASSETCATALOG_COMPILER_GLOBAL_ACCENT_COLOR_NAME = AccentColor;
				CODE_SIGN_STYLE = Automatic;
				CURRENT_PROJECT_VERSION = 1;
				DEVELOPMENT_ASSET_PATHS = "\"Emotilt/Preview Content\"";
				DEVELOPMENT_TEAM = H3J2ZWWZQV;
				ENABLE_PREVIEWS = YES;
				GENERATE_INFOPLIST_FILE = YES;
				INFOPLIST_FILE = Emotilt/Info.plist;
				INFOPLIST_KEY_UIApplicationSupportsIndirectInputEvents = YES;
				INFOPLIST_KEY_UILaunchScreen_Generation = YES;
				INFOPLIST_KEY_UISupportedInterfaceOrientations = UIInterfaceOrientationPortrait;
				INFOPLIST_KEY_UISupportedInterfaceOrientations_iPad = "UIInterfaceOrientationLandscapeLeft UIInterfaceOrientationLandscapeRight UIInterfaceOrientationPortrait UIInterfaceOrientationPortraitUpsideDown";
				IPHONEOS_DEPLOYMENT_TARGET = 15.2;
				LD_RUNPATH_SEARCH_PATHS = (
					"$(inherited)",
					"@executable_path/Frameworks",
				);
				MARKETING_VERSION = 1.0;
				PRODUCT_BUNDLE_IDENTIFIER = com.peng.Emotilt;
				PRODUCT_NAME = "$(TARGET_NAME)";
				SUPPORTED_PLATFORMS = "iphoneos iphonesimulator";
				SUPPORTS_MACCATALYST = NO;
				SUPPORTS_MAC_DESIGNED_FOR_IPHONE_IPAD = NO;
				SWIFT_EMIT_LOC_STRINGS = YES;
				SWIFT_VERSION = 5.0;
				TARGETED_DEVICE_FAMILY = 1;
			};
			name = Release;
		};
/* End XCBuildConfiguration section */

/* Begin XCConfigurationList section */
		B8E7E24B29AC8AD90046D98E /* Build configuration list for PBXProject "Emotilt" */ = {
			isa = XCConfigurationList;
			buildConfigurations = (
				B8E7E25C29AC8ADA0046D98E /* Debug */,
				B8E7E25D29AC8ADA0046D98E /* Release */,
			);
			defaultConfigurationIsVisible = 0;
			defaultConfigurationName = Release;
		};
		B8E7E25E29AC8ADA0046D98E /* Build configuration list for PBXNativeTarget "Emotilt" */ = {
			isa = XCConfigurationList;
			buildConfigurations = (
				B8E7E25F29AC8ADA0046D98E /* Debug */,
				B8E7E26029AC8ADA0046D98E /* Release */,
			);
			defaultConfigurationIsVisible = 0;
			defaultConfigurationName = Release;
		};
/* End XCConfigurationList section */
	};
	rootObject = B8E7E24829AC8AD90046D98E /* Project object */;
}
